Microsoft Visual Studio Solution File, Format Version 12.00
# Visual Studio Version 17
VisualStudioVersion = 17.0.31903.59
MinimumVisualStudioVersion = 10.0.40219.1
Project("{FAE04EC0-301F-11D3-BF4B-00C04F79EFBC}") = "Spacebattle.Lib", "Spacebattle.Lib\Spacebattle.Lib.csproj", "{8F8BCFE4-3610-4F7A-9B1C-38F2C0DF04B2}"
EndProject
Project("{FAE04EC0-301F-11D3-BF4B-00C04F79EFBC}") = "Spacebattle.Tests", "Spacebattle.Tests\Spacebattle.Tests.csproj", "{630BC79C-553D-4FAC-A40D-62663B767C67}"
EndProject
Project("{FAE04EC0-301F-11D3-BF4B-00C04F79EFBC}") = "Spacebattle.Server", "Spacebattle.Server\Spacebattle.Server.csproj", "{BD86E1A4-741F-4BC6-8433-F2AD33B02DC6}"
EndProject
Global
	GlobalSection(SolutionConfigurationPlatforms) = preSolution
		Debug|Any CPU = Debug|Any CPU
		Release|Any CPU = Release|Any CPU
	EndGlobalSection
	GlobalSection(SolutionProperties) = preSolution
		HideSolutionNode = FALSE
	EndGlobalSection
	GlobalSection(ProjectConfigurationPlatforms) = postSolution
		{8F8BCFE4-3610-4F7A-9B1C-38F2C0DF04B2}.Debug|Any CPU.ActiveCfg = Debug|Any CPU
		{8F8BCFE4-3610-4F7A-9B1C-38F2C0DF04B2}.Debug|Any CPU.Build.0 = Debug|Any CPU
		{8F8BCFE4-3610-4F7A-9B1C-38F2C0DF04B2}.Release|Any CPU.ActiveCfg = Release|Any CPU
		{8F8BCFE4-3610-4F7A-9B1C-38F2C0DF04B2}.Release|Any CPU.Build.0 = Release|Any CPU
		{630BC79C-553D-4FAC-A40D-62663B767C67}.Debug|Any CPU.ActiveCfg = Debug|Any CPU
		{630BC79C-553D-4FAC-A40D-62663B767C67}.Debug|Any CPU.Build.0 = Debug|Any CPU
		{630BC79C-553D-4FAC-A40D-62663B767C67}.Release|Any CPU.ActiveCfg = Release|Any CPU
		{630BC79C-553D-4FAC-A40D-62663B767C67}.Release|Any CPU.Build.0 = Release|Any CPU
		{BD86E1A4-741F-4BC6-8433-F2AD33B02DC6}.Debug|Any CPU.ActiveCfg = Debug|Any CPU
		{BD86E1A4-741F-4BC6-8433-F2AD33B02DC6}.Debug|Any CPU.Build.0 = Debug|Any CPU
		{BD86E1A4-741F-4BC6-8433-F2AD33B02DC6}.Release|Any CPU.ActiveCfg = Release|Any CPU
		{BD86E1A4-741F-4BC6-8433-F2AD33B02DC6}.Release|Any CPU.Build.0 = Release|Any CPU
	EndGlobalSection
EndGlobal
